// !$*UTF8*$!
{
	archiveVersion = 1;
	classes = {
	};
	objectVersion = 50;
	objects = {

/* Begin PBXBuildFile section */
		883BE60120CABA4C00713E03 /* AppDelegate.swift in Sources */ = {isa = PBXBuildFile; fileRef = 883BE60020CABA4C00713E03 /* AppDelegate.swift */; };
		883BE60320CABA4C00713E03 /* ViewController.swift in Sources */ = {isa = PBXBuildFile; fileRef = 883BE60220CABA4C00713E03 /* ViewController.swift */; };
		883BE60620CABA4C00713E03 /* Main.storyboard in Resources */ = {isa = PBXBuildFile; fileRef = 883BE60420CABA4C00713E03 /* Main.storyboard */; };
		883BE60820CABA4D00713E03 /* Assets.xcassets in Resources */ = {isa = PBXBuildFile; fileRef = 883BE60720CABA4D00713E03 /* Assets.xcassets */; };
		883BE60B20CABA4D00713E03 /* LaunchScreen.storyboard in Resources */ = {isa = PBXBuildFile; fileRef = 883BE60920CABA4D00713E03 /* LaunchScreen.storyboard */; };
/* End PBXBuildFile section */

/* Begin PBXFileReference section */
		883BE5FD20CABA4C00713E03 /* Math for kids2.app */ = {isa = PBXFileReference; explicitFileType = wrapper.application; includeInIndex = 0; path = "Math for kids2.app"; sourceTree = BUILT_PRODUCTS_DIR; };
		883BE60020CABA4C00713E03 /* AppDelegate.swift */ = {isa = PBXFileReference; lastKnownFileType = sourcecode.swift; path = AppDelegate.swift; sourceTree = "<group>"; };
		883BE60220CABA4C00713E03 /* ViewController.swift */ = {isa = PBXFileReference; lastKnownFileType = sourcecode.swift; path = ViewController.swift; sourceTree = "<group>"; };
		883BE60520CABA4C00713E03 /* Base */ = {isa = PBXFileReference; lastKnownFileType = file.storyboard; name = Base; path = Base.lproj/Main.storyboard; sourceTree = "<group>"; };
		883BE60720CABA4D00713E03 /* Assets.xcassets */ = {isa = PBXFileReference; lastKnownFileType = folder.assetcatalog; path = Assets.xcassets; sourceTree = "<group>"; };
		883BE60A20CABA4D00713E03 /* Base */ = {isa = PBXFileReference; lastKnownFileType = file.storyboard; name = Base; path = Base.lproj/LaunchScreen.storyboard; sourceTree = "<group>"; };
		883BE60C20CABA4D00713E03 /* Info.plist */ = {isa = PBXFileReference; lastKnownFileType = text.plist.xml; path = Info.plist; sourceTree = "<group>"; };
/* End PBXFileReference section */

/* Begin PBXFrameworksBuildPhase section */
		883BE5FA20CABA4C00713E03 /* Frameworks */ = {
			isa = PBXFrameworksBuildPhase;
			buildActionMask = 2147483647;
			files = (
			);
			runOnlyForDeploymentPostprocessing = 0;
		};
/* End PBXFrameworksBuildPhase section */

/* Begin PBXGroup section */
		883BE5F420CABA4C00713E03 = {
			isa = PBXGroup;
			children = (
				883BE5FF20CABA4C00713E03 /* Math for kids2 */,
				883BE5FE20CABA4C00713E03 /* Products */,
			);
			sourceTree = "<group>";
		};
		883BE5FE20CABA4C00713E03 /* Products */ = {
			isa = PBXGroup;
			children = (
				883BE5FD20CABA4C00713E03 /* Math for kids2.app */,
			);
			name = Products;
			sourceTree = "<group>";
		};
		883BE5FF20CABA4C00713E03 /* Math for kids2 */ = {
			isa = PBXGroup;
			children = (
				883BE60020CABA4C00713E03 /* AppDelegate.swift */,
				883BE60220CABA4C00713E03 /* ViewController.swift */,
				883BE60420CABA4C00713E03 /* Main.storyboard */,
				883BE60720CABA4D00713E03 /* Assets.xcassets */,
				883BE60920CABA4D00713E03 /* LaunchScreen.storyboard */,
				883BE60C20CABA4D00713E03 /* Info.plist */,
			);
			path = "Math for kids2";
			sourceTree = "<group>";
		};
/* End PBXGroup section */

/* Begin PBXNativeTarget section */
		883BE5FC20CABA4C00713E03 /* Math for kids2 */ = {
			isa = PBXNativeTarget;
			buildConfigurationList = 883BE60F20CABA4D00713E03 /* Build configuration list for PBXNativeTarget "Math for kids2" */;
			buildPhases = (
				883BE5F920CABA4C00713E03 /* Sources */,
				883BE5FA20CABA4C00713E03 /* Frameworks */,
				883BE5FB20CABA4C00713E03 /* Resources */,
			);
			buildRules = (
			);
			dependencies = (
			);
			name = "Math for kids2";
			productName = "Math for kids2";
			productReference = 883BE5FD20CABA4C00713E03 /* Math for kids2.app */;
			productType = "com.apple.product-type.application";
		};
/* End PBXNativeTarget section */

/* Begin PBXProject section */
		883BE5F520CABA4C00713E03 /* Project object */ = {
			isa = PBXProject;
			attributes = {
				LastSwiftUpdateCheck = 0940;
				LastUpgradeCheck = 0940;
				ORGANIZATIONNAME = "Yusuf Yigit";
				TargetAttributes = {
					883BE5FC20CABA4C00713E03 = {
						CreatedOnToolsVersion = 9.4;
					};
				};
			};
			buildConfigurationList = 883BE5F820CABA4C00713E03 /* Build configuration list for PBXProject "Math for kids2" */;
			compatibilityVersion = "Xcode 9.3";
			developmentRegion = en;
			hasScannedForEncodings = 0;
			knownRegions = (
				en,
				Base,
			);
			mainGroup = 883BE5F420CABA4C00713E03;
			productRefGroup = 883BE5FE20CABA4C00713E03 /* Products */;
			projectDirPath = "";
			projectRoot = "";
			targets = (
				883BE5FC20CABA4C00713E03 /* Math for kids2 */,
			);
		};
/* End PBXProject section */

/* Begin PBXResourcesBuildPhase section */
		883BE5FB20CABA4C00713E03 /* Resources */ = {
			isa = PBXResourcesBuildPhase;
			buildActionMask = 2147483647;
			files = (
				883BE60B20CABA4D00713E03 /* LaunchScreen.storyboard in Resources */,
				883BE60820CABA4D00713E03 /* Assets.xcassets in Resources */,
				883BE60620CABA4C00713E03 /* Main.storyboard in Resources */,
			);
			runOnlyForDeploymentPostprocessing = 0;
		};
/* End PBXResourcesBuildPhase section */

/* Begin PBXSourcesBuildPhase section */
		883BE5F920CABA4C00713E03 /* Sources */ = {
			isa = PBXSourcesBuildPhase;
			buildActionMask = 2147483647;
			files = (
				883BE60320CABA4C00713E03 /* ViewController.swift in Sources */,
				883BE60120CABA4C00713E03 /* AppDelegate.swift in Sources */,
			);
			runOnlyForDeploymentPostprocessing = 0;
		};
/* End PBXSourcesBuildPhase section */

/* Begin PBXVariantGroup section */
		883BE60420CABA4C00713E03 /* Main.storyboard */ = {
			isa = PBXVariantGroup;
			children = (
				883BE60520CABA4C00713E03 /* Base */,
			);
			name = Main.storyboard;
			sourceTree = "<group>";
		};
		883BE60920CABA4D00713E03 /* LaunchScreen.storyboard */ = {
			isa = PBXVariantGroup;
			children = (
				883BE60A20CABA4D00713E03 /* Base */,
			);
			name = LaunchScreen.storyboard;
			sourceTree = "<group>";
		};
/* End PBXVariantGroup section */

/* Begin XCBuildConfiguration section */
		883BE60D20CABA4D00713E03 /* Debug */ = {
			isa = XCBuildConfiguration;
			buildSettings = {
				ALWAYS_SEARCH_USER_PATHS = NO;
				CLANG_ANALYZER_NONNULL = YES;
				CLANG_ANALYZER_NUMBER_OBJECT_CONVERSION = YES_AGGRESSIVE;
				CLANG_CXX_LANGUAGE_STANDARD = "gnu++14";
				CLANG_CXX_LIBRARY = "libc++";
				CLANG_ENABLE_MODULES = YES;
				CLANG_ENABLE_OBJC_ARC = YES;
				CLANG_ENABLE_OBJC_WEAK = YES;
				CLANG_WARN_BLOCK_CAPTURE_AUTORELEASING = YES;
				CLANG_WARN_BOOL_CONVERSION = YES;
				CLANG_WARN_COMMA = YES;
				CLANG_WARN_CONSTANT_CONVERSION = YES;
				CLANG_WARN_DEPRECATED_OBJC_IMPLEMENTATIONS = YES;
				CLANG_WARN_DIRECT_OBJC_ISA_USAGE = YES_ERROR;
				CLANG_WARN_DOCUMENTATION_COMMENTS = YES;
				CLANG_WARN_EMPTY_BODY = YES;
				CLANG_WARN_ENUM_CONVERSION = YES;
				CLANG_WARN_INFINITE_RECURSION = YES;
				CLANG_WARN_INT_CONVERSION = YES;
				CLANG_WARN_NON_LITERAL_NULL_CONVERSION = YES;
				CLANG_WARN_OBJC_IMPLICIT_RETAIN_SELF = YES;
				CLANG_WARN_OBJC_LITERAL_CONVERSION = YES;
				CLANG_WARN_OBJC_ROOT_CLASS = YES_ERROR;
				CLANG_WARN_RANGE_LOOP_ANALYSIS = YES;
				CLANG_WARN_STRICT_PROTOTYPES = YES;
				CLANG_WARN_SUSPICIOUS_MOVE = YES;
				CLANG_WARN_UNGUARDED_AVAILABILITY = YES_AGGRESSIVE;
				CLANG_WARN_UNREACHABLE_CODE = YES;
				CLANG_WARN__DUPLICATE_METHOD_MATCH = YES;
				CODE_SIGN_IDENTITY = "iPhone Developer";
				COPY_PHASE_STRIP = NO;
				DEBUG_INFORMATION_FORMAT = dwarf;
				ENABLE_STRICT_OBJC_MSGSEND = YES;
				ENABLE_TESTABILITY = YES;
				GCC_C_LANGUAGE_STANDARD = gnu11;
				GCC_DYNAMIC_NO_PIC = NO;
				GCC_NO_COMMON_BLOCKS = YES;
				GCC_OPTIMIZATION_LEVEL = 0;
				GCC_PREPROCESSOR_DEFINITIONS = (
					"DEBUG=1",
					"$(inherited)",
				);
				GCC_WARN_64_TO_32_BIT_CONVERSION = YES;
				GCC_WARN_ABOUT_RETURN_TYPE = YES_ERROR;
				GCC_WARN_UNDECLARED_SELECTOR = YES;
				GCC_WARN_UNINITIALIZED_AUTOS = YES_AGGRESSIVE;
				GCC_WARN_UNUSED_FUNCTION = YES;
				GCC_WARN_UNUSED_VARIABLE = YES;
				IPHONEOS_DEPLOYMENT_TARGET = 11.4;
				MTL_ENABLE_DEBUG_INFO = YES;
				ONLY_ACTIVE_ARCH = YES;
				SDKROOT = iphoneos;
				SWIFT_ACTIVE_COMPILATION_CONDITIONS = DEBUG;
				SWIFT_OPTIMIZATION_LEVEL = "-Onone";
			};
			name = Debug;
		};
		883BE60E20CABA4D00713E03 /* Release */ = {
			isa = XCBuildConfiguration;
			buildSettings = {
				ALWAYS_SEARCH_USER_PATHS = NO;
				CLANG_ANALYZER_NONNULL = YES;
				CLANG_ANALYZER_NUMBER_OBJECT_CONVERSION = YES_AGGRESSIVE;
				CLANG_CXX_LANGUAGE_STANDARD = "gnu++14";
				CLANG_CXX_LIBRARY = "libc++";
				CLANG_ENABLE_MODULES = YES;
				CLANG_ENABLE_OBJC_ARC = YES;
				CLANG_ENABLE_OBJC_WEAK = YES;
				CLANG_WARN_BLOCK_CAPTURE_AUTORELEASING = YES;
				CLANG_WARN_BOOL_CONVERSION = YES;
				CLANG_WARN_COMMA = YES;
				CLANG_WARN_CONSTANT_CONVERSION = YES;
				CLANG_WARN_DEPRECATED_OBJC_IMPLEMENTATIONS = YES;
				CLANG_WARN_DIRECT_OBJC_ISA_USAGE = YES_ERROR;
				CLANG_WARN_DOCUMENTATION_COMMENTS = YES;
				CLANG_WARN_EMPTY_BODY = YES;
				CLANG_WARN_ENUM_CONVERSION = YES;
				CLANG_WARN_INFINITE_RECURSION = YES;
				CLANG_WARN_INT_CONVERSION = YES;
				CLANG_WARN_NON_LITERAL_NULL_CONVERSION = YES;
				CLANG_WARN_OBJC_IMPLICIT_RETAIN_SELF = YES;
				CLANG_WARN_OBJC_LITERAL_CONVERSION = YES;
				CLANG_WARN_OBJC_ROOT_CLASS = YES_ERROR;
				CLANG_WARN_RANGE_LOOP_ANALYSIS = YES;
				CLANG_WARN_STRICT_PROTOTYPES = YES;
				CLANG_WARN_SUSPICIOUS_MOVE = YES;
				CLANG_WARN_UNGUARDED_AVAILABILITY = YES_AGGRESSIVE;
				CLANG_WARN_UNREACHABLE_CODE = YES;
				CLANG_WARN__DUPLICATE_METHOD_MATCH = YES;
				CODE_SIGN_IDENTITY = "iPhone Developer";
				COPY_PHASE_STRIP = NO;
				DEBUG_INFORMATION_FORMAT = "dwarf-with-dsym";
				ENABLE_NS_ASSERTIONS = NO;
				ENABLE_STRICT_OBJC_MSGSEND = YES;
				GCC_C_LANGUAGE_STANDARD = gnu11;
				GCC_NO_COMMON_BLOCKS = YES;
				GCC_WARN_64_TO_32_BIT_CONVERSION = YES;
				GCC_WARN_ABOUT_RETURN_TYPE = YES_ERROR;
				GCC_WARN_UNDECLARED_SELECTOR = YES;
				GCC_WARN_UNINITIALIZED_AUTOS = YES_AGGRESSIVE;
				GCC_WARN_UNUSED_FUNCTION = YES;
				GCC_WARN_UNUSED_VARIABLE = YES;
				IPHONEOS_DEPLOYMENT_TARGET = 11.4;
				MTL_ENABLE_DEBUG_INFO = NO;
				SDKROOT = iphoneos;
				SWIFT_COMPILATION_MODE = wholemodule;
				SWIFT_OPTIMIZATION_LEVEL = "-O";
				VALIDATE_PRODUCT = YES;
			};
			name = Release;
		};
		883BE61020CABA4D00713E03 /* Debug */ = {
			isa = XCBuildConfiguration;
			buildSettings = {
				ASSETCATALOG_COMPILER_APPICON_NAME = AppIcon;
				CODE_SIGN_STYLE = Automatic;
				DEVELOPMENT_TEAM = N3NB563C7X;
				INFOPLIST_FILE = "Math for kids2/Info.plist";
				LD_RUNPATH_SEARCH_PATHS = (
					"$(inherited)",
					"@executable_path/Frameworks",
				);
				PRODUCT_BUNDLE_IDENTIFIER = "com.yusufyigit21.Math-for-kids2";
				PRODUCT_NAME = "$(TARGET_NAME)";
				SWIFT_VERSION = 4.0;
				TARGETED_DEVICE_FAMILY = "1,2";
			};
			name = Debug;
		};
		883BE61120CABA4D00713E03 /* Release */ = {
			isa = XCBuildConfiguration;
			buildSettings = {
				ASSETCATALOG_COMPILER_APPICON_NAME = AppIcon;
				CODE_SIGN_STYLE = Automatic;
				DEVELOPMENT_TEAM = N3NB563C7X;
				INFOPLIST_FILE = "Math for kids2/Info.plist";
				LD_RUNPATH_SEARCH_PATHS = (
					"$(inherited)",
					"@executable_path/Frameworks",
				);
				PRODUCT_BUNDLE_IDENTIFIER = "com.yusufyigit21.Math-for-kids2";
				PRODUCT_NAME = "$(TARGET_NAME)";
				SWIFT_VERSION = 4.0;
				TARGETED_DEVICE_FAMILY = "1,2";
			};
			name = Release;
		};
/* End XCBuildConfiguration section */

/* Begin XCConfigurationList section */
		883BE5F820CABA4C00713E03 /* Build configuration list for PBXProject "Math for kids2" */ = {
			isa = XCConfigurationList;
			buildConfigurations = (
				883BE60D20CABA4D00713E03 /* Debug */,
				883BE60E20CABA4D00713E03 /* Release */,
			);
			defaultConfigurationIsVisible = 0;
			defaultConfigurationName = Release;
		};
		883BE60F20CABA4D00713E03 /* Build configuration list for PBXNativeTarget "Math for kids2" */ = {
			isa = XCConfigurationList;
			buildConfigurations = (
				883BE61020CABA4D00713E03 /* Debug */,
				883BE61120CABA4D00713E03 /* Release */,
			);
			defaultConfigurationIsVisible = 0;
			defaultConfigurationName = Release;
		};
/* End XCConfigurationList section */
	};
	rootObject = 883BE5F520CABA4C00713E03 /* Project object */;
}
